// !$*UTF8*$!
{
	archiveVersion = 1;
	classes = {
	};
	objectVersion = 46;
	objects = {

/* Begin PBXBuildFile section */
		3920BA324FEC5856AAA8B4F2 /* libPods.a in Frameworks */ = {isa = PBXBuildFile; fileRef = E4776177903408030F27C1B5 /* libPods.a */; };
		7A007FBD1C8D1C81004E483D /* MJRefreshAutoFooter.m in Sources */ = {isa = PBXBuildFile; fileRef = 7A007F931C8D1C81004E483D /* MJRefreshAutoFooter.m */; };
		7A007FBE1C8D1C81004E483D /* MJRefreshBackFooter.m in Sources */ = {isa = PBXBuildFile; fileRef = 7A007F951C8D1C81004E483D /* MJRefreshBackFooter.m */; };
		7A007FBF1C8D1C81004E483D /* MJRefreshComponent.m in Sources */ = {isa = PBXBuildFile; fileRef = 7A007F971C8D1C81004E483D /* MJRefreshComponent.m */; };
		7A007FC01C8D1C81004E483D /* MJRefreshFooter.m in Sources */ = {isa = PBXBuildFile; fileRef = 7A007F991C8D1C81004E483D /* MJRefreshFooter.m */; };
		7A007FC11C8D1C81004E483D /* MJRefreshHeader.m in Sources */ = {isa = PBXBuildFile; fileRef = 7A007F9B1C8D1C81004E483D /* MJRefreshHeader.m */; };
		7A007FC21C8D1C81004E483D /* MJRefreshAutoGifFooter.m in Sources */ = {isa = PBXBuildFile; fileRef = 7A007FA01C8D1C81004E483D /* MJRefreshAutoGifFooter.m */; };
		7A007FC31C8D1C81004E483D /* MJRefreshAutoNormalFooter.m in Sources */ = {isa = PBXBuildFile; fileRef = 7A007FA21C8D1C81004E483D /* MJRefreshAutoNormalFooter.m */; };
		7A007FC41C8D1C81004E483D /* MJRefreshAutoStateFooter.m in Sources */ = {isa = PBXBuildFile; fileRef = 7A007FA41C8D1C81004E483D /* MJRefreshAutoStateFooter.m */; };
		7A007FC51C8D1C81004E483D /* MJRefreshBackGifFooter.m in Sources */ = {isa = PBXBuildFile; fileRef = 7A007FA71C8D1C81004E483D /* MJRefreshBackGifFooter.m */; };
		7A007FC61C8D1C81004E483D /* MJRefreshBackNormalFooter.m in Sources */ = {isa = PBXBuildFile; fileRef = 7A007FA91C8D1C81004E483D /* MJRefreshBackNormalFooter.m */; };
		7A007FC71C8D1C81004E483D /* MJRefreshBackStateFooter.m in Sources */ = {isa = PBXBuildFile; fileRef = 7A007FAB1C8D1C81004E483D /* MJRefreshBackStateFooter.m */; };
		7A007FC81C8D1C81004E483D /* MJRefreshGifHeader.m in Sources */ = {isa = PBXBuildFile; fileRef = 7A007FAE1C8D1C81004E483D /* MJRefreshGifHeader.m */; };
		7A007FC91C8D1C81004E483D /* MJRefreshNormalHeader.m in Sources */ = {isa = PBXBuildFile; fileRef = 7A007FB01C8D1C81004E483D /* MJRefreshNormalHeader.m */; };
		7A007FCA1C8D1C81004E483D /* MJRefreshStateHeader.m in Sources */ = {isa = PBXBuildFile; fileRef = 7A007FB21C8D1C81004E483D /* MJRefreshStateHeader.m */; };
		7A007FCB1C8D1C81004E483D /* MJRefresh.bundle in Resources */ = {isa = PBXBuildFile; fileRef = 7A007FB31C8D1C81004E483D /* MJRefresh.bundle */; };
		7A007FCC1C8D1C81004E483D /* MJRefreshConst.m in Sources */ = {isa = PBXBuildFile; fileRef = 7A007FB61C8D1C81004E483D /* MJRefreshConst.m */; };
		7A007FCD1C8D1C81004E483D /* UIScrollView+MJExtension.m in Sources */ = {isa = PBXBuildFile; fileRef = 7A007FB81C8D1C81004E483D /* UIScrollView+MJExtension.m */; };
		7A007FCE1C8D1C81004E483D /* UIScrollView+MJRefresh.m in Sources */ = {isa = PBXBuildFile; fileRef = 7A007FBA1C8D1C81004E483D /* UIScrollView+MJRefresh.m */; };
		7A007FCF1C8D1C81004E483D /* UIView+MJExtension.m in Sources */ = {isa = PBXBuildFile; fileRef = 7A007FBC1C8D1C81004E483D /* UIView+MJExtension.m */; };
		7A007FD21C8D253B004E483D /* ClassListViewController.m in Sources */ = {isa = PBXBuildFile; fileRef = 7A007FD11C8D253B004E483D /* ClassListViewController.m */; };
		7A007FD61C8D264A004E483D /* ClassListTableViewCell.m in Sources */ = {isa = PBXBuildFile; fileRef = 7A007FD41C8D264A004E483D /* ClassListTableViewCell.m */; };
		7A007FD71C8D264A004E483D /* ClassListTableViewCell.xib in Resources */ = {isa = PBXBuildFile; fileRef = 7A007FD51C8D264A004E483D /* ClassListTableViewCell.xib */; };
		7A007FDA1C8D2864004E483D /* BookList.m in Sources */ = {isa = PBXBuildFile; fileRef = 7A007FD91C8D2864004E483D /* BookList.m */; };
		7A007FDD1C8D2FA7004E483D /* BookDetailViewController.m in Sources */ = {isa = PBXBuildFile; fileRef = 7A007FDC1C8D2FA7004E483D /* BookDetailViewController.m */; };
		7A53696F1C8D71C0006C0516 /* BookDetailView.plist in Resources */ = {isa = PBXBuildFile; fileRef = 7A53696E1C8D71C0006C0516 /* BookDetailView.plist */; };
		7A9F250D1C882B140061C8FD /* main.m in Sources */ = {isa = PBXBuildFile; fileRef = 7A9F250C1C882B140061C8FD /* main.m */; };
		7A9F25101C882B140061C8FD /* AppDelegate.m in Sources */ = {isa = PBXBuildFile; fileRef = 7A9F250F1C882B140061C8FD /* AppDelegate.m */; };
		7A9F25121C882B140061C8FD /* Assets.xcassets in Resources */ = {isa = PBXBuildFile; fileRef = 7A9F25111C882B140061C8FD /* Assets.xcassets */; };
		7A9F25151C882B140061C8FD /* LaunchScreen.storyboard in Resources */ = {isa = PBXBuildFile; fileRef = 7A9F25131C882B140061C8FD /* LaunchScreen.storyboard */; };
		7AC93F1D1C8C0825003BCEF8 /* UIViewController+Common.m in Sources */ = {isa = PBXBuildFile; fileRef = 7AC93F1C1C8C0825003BCEF8 /* UIViewController+Common.m */; };
		7AC93F2E1C8C33A0003BCEF8 /* DisListTableViewCell.m in Sources */ = {isa = PBXBuildFile; fileRef = 7AC93F2C1C8C33A0003BCEF8 /* DisListTableViewCell.m */; };
		7AC93F2F1C8C33A0003BCEF8 /* DisListTableViewCell.xib in Resources */ = {isa = PBXBuildFile; fileRef = 7AC93F2D1C8C33A0003BCEF8 /* DisListTableViewCell.xib */; };
		7AC93F311C8C55B0003BCEF8 /* class.plist in Resources */ = {isa = PBXBuildFile; fileRef = 7AC93F301C8C55B0003BCEF8 /* class.plist */; };
		7AC93F371C8C57A7003BCEF8 /* BookClassModel.m in Sources */ = {isa = PBXBuildFile; fileRef = 7AC93F361C8C57A7003BCEF8 /* BookClassModel.m */; };
		7AC93F3B1C8C5D71003BCEF8 /* BookClassCollectionViewCell.m in Sources */ = {isa = PBXBuildFile; fileRef = 7AC93F391C8C5D71003BCEF8 /* BookClassCollectionViewCell.m */; };
		7AC93F3C1C8C5D71003BCEF8 /* BookClassCollectionViewCell.xib in Resources */ = {isa = PBXBuildFile; fileRef = 7AC93F3A1C8C5D71003BCEF8 /* BookClassCollectionViewCell.xib */; };
		7AD590751C891A04008460B8 /* blueArrow.png in Resources */ = {isa = PBXBuildFile; fileRef = 7AD5906B1C891A04008460B8 /* blueArrow.png */; };
		7AD590761C891A04008460B8 /* blueArrowDown.png in Resources */ = {isa = PBXBuildFile; fileRef = 7AD5906C1C891A04008460B8 /* blueArrowDown.png */; };
		7AD590771C891A04008460B8 /* PullingRefreshTableView.m in Sources */ = {isa = PBXBuildFile; fileRef = 7AD5906E1C891A04008460B8 /* PullingRefreshTableView.m */; settings = {COMPILER_FLAGS = "-fno-objc-arc"; }; };
		7AD590781C891A04008460B8 /* ShareViewController.m in Sources */ = {isa = PBXBuildFile; fileRef = 7AD590701C891A04008460B8 /* ShareViewController.m */; };
		7AD590791C891A04008460B8 /* ProgressHUD.bundle in Resources */ = {isa = PBXBuildFile; fileRef = 7AD590721C891A04008460B8 /* ProgressHUD.bundle */; };
		7AD5907A1C891A04008460B8 /* ProgressHUD.m in Sources */ = {isa = PBXBuildFile; fileRef = 7AD590741C891A04008460B8 /* ProgressHUD.m */; };
		7AD5907E1C892028008460B8 /* BookTableViewCell.m in Sources */ = {isa = PBXBuildFile; fileRef = 7AD5907C1C892028008460B8 /* BookTableViewCell.m */; };
		7AD5907F1C892028008460B8 /* BookTableViewCell.xib in Resources */ = {isa = PBXBuildFile; fileRef = 7AD5907D1C892028008460B8 /* BookTableViewCell.xib */; };
		7AD590841C89610F008460B8 /* Book.plist in Resources */ = {isa = PBXBuildFile; fileRef = 7AD590831C89610F008460B8 /* Book.plist */; };
		7AD590871C896DE0008460B8 /* Model.m in Sources */ = {isa = PBXBuildFile; fileRef = 7AD590861C896DE0008460B8 /* Model.m */; };
		7AD5908A1C89AB91008460B8 /* ReadViewController.m in Sources */ = {isa = PBXBuildFile; fileRef = 7AD590891C89AB91008460B8 /* ReadViewController.m */; };
		7AD5908D1C89AD53008460B8 /* LesionViewController.m in Sources */ = {isa = PBXBuildFile; fileRef = 7AD5908C1C89AD53008460B8 /* LesionViewController.m */; };
		7AD590901C89AD5D008460B8 /* SeeViewController.m in Sources */ = {isa = PBXBuildFile; fileRef = 7AD5908F1C89AD5D008460B8 /* SeeViewController.m */; };
		7AE127301C8A760A00B330FB /* see.plist in Resources */ = {isa = PBXBuildFile; fileRef = 7AE1272F1C8A760A00B330FB /* see.plist */; };
		7AE127321C8A800D00B330FB /* Touch_The_Sky.mp4 in Resources */ = {isa = PBXBuildFile; fileRef = 7AE127311C8A800D00B330FB /* Touch_The_Sky.mp4 */; };
		7AE127341C8A83BE00B330FB /* MediaPlayer.framework in Frameworks */ = {isa = PBXBuildFile; fileRef = 7AE127331C8A83BE00B330FB /* MediaPlayer.framework */; };
		7AE1273D1C8AC7FA00B330FB /* lesion.plist in Resources */ = {isa = PBXBuildFile; fileRef = 7AE1273C1C8AC7FA00B330FB /* lesion.plist */; };
		7AE1273F1C8AEFD200B330FB /* read.plist in Resources */ = {isa = PBXBuildFile; fileRef = 7AE1273E1C8AEFD200B330FB /* read.plist */; };
		7AF227651C88525F008C2F23 /* BookViewController.m in Sources */ = {isa = PBXBuildFile; fileRef = 7AF227641C88525F008C2F23 /* BookViewController.m */; };
		7AF227681C885283008C2F23 /* BookClassViewController.m in Sources */ = {isa = PBXBuildFile; fileRef = 7AF227671C885283008C2F23 /* BookClassViewController.m */; };
		7AF2276B1C885298008C2F23 /* DiscoverViewController.m in Sources */ = {isa = PBXBuildFile; fileRef = 7AF2276A1C885298008C2F23 /* DiscoverViewController.m */; };
		7AF2276D1C885390008C2F23 /* Book.storyboard in Resources */ = {isa = PBXBuildFile; fileRef = 7AF2276C1C885390008C2F23 /* Book.storyboard */; };
		7AF2276F1C8853A6008C2F23 /* BookClass.storyboard in Resources */ = {isa = PBXBuildFile; fileRef = 7AF2276E1C8853A6008C2F23 /* BookClass.storyboard */; };
		7AF227711C8853B4008C2F23 /* Discover.storyboard in Resources */ = {isa = PBXBuildFile; fileRef = 7AF227701C8853B4008C2F23 /* Discover.storyboard */; };
/* End PBXBuildFile section */

/* Begin PBXFileReference section */
		01542F6810975C90291E0412 /* Pods.debug.xcconfig */ = {isa = PBXFileReference; includeInIndex = 1; lastKnownFileType = text.xcconfig; name = Pods.debug.xcconfig; path = "Pods/Target Support Files/Pods/Pods.debug.xcconfig"; sourceTree = "<group>"; };
		59DFF7739C29D37DE772F8E2 /* Pods.release.xcconfig */ = {isa = PBXFileReference; includeInIndex = 1; lastKnownFileType = text.xcconfig; name = Pods.release.xcconfig; path = "Pods/Target Support Files/Pods/Pods.release.xcconfig"; sourceTree = "<group>"; };
		7A007F921C8D1C81004E483D /* MJRefreshAutoFooter.h */ = {isa = PBXFileReference; fileEncoding = 4; lastKnownFileType = sourcecode.c.h; path = MJRefreshAutoFooter.h; sourceTree = "<group>"; };
		7A007F931C8D1C81004E483D /* MJRefreshAutoFooter.m */ = {isa = PBXFileReference; fileEncoding = 4; lastKnownFileType = sourcecode.c.objc; path = MJRefreshAutoFooter.m; sourceTree = "<group>"; };
		7A007F941C8D1C81004E483D /* MJRefreshBackFooter.h */ = {isa = PBXFileReference; fileEncoding = 4; lastKnownFileType = sourcecode.c.h; path = MJRefreshBackFooter.h; sourceTree = "<group>"; };
		7A007F951C8D1C81004E483D /* MJRefreshBackFooter.m */ = {isa = PBXFileReference; fileEncoding = 4; lastKnownFileType = sourcecode.c.objc; path = MJRefreshBackFooter.m; sourceTree = "<group>"; };
		7A007F961C8D1C81004E483D /* MJRefreshComponent.h */ = {isa = PBXFileReference; fileEncoding = 4; lastKnownFileType = sourcecode.c.h; path = MJRefreshComponent.h; sourceTree = "<group>"; };
		7A007F971C8D1C81004E483D /* MJRefreshComponent.m */ = {isa = PBXFileReference; fileEncoding = 4; lastKnownFileType = sourcecode.c.objc; path = MJRefreshComponent.m; sourceTree = "<group>"; };
		7A007F981C8D1C81004E483D /* MJRefreshFooter.h */ = {isa = PBXFileReference; fileEncoding = 4; lastKnownFileType = sourcecode.c.h; path = MJRefreshFooter.h; sourceTree = "<group>"; };
		7A007F991C8D1C81004E483D /* MJRefreshFooter.m */ = {isa = PBXFileReference; fileEncoding = 4; lastKnownFileType = sourcecode.c.objc; path = MJRefreshFooter.m; sourceTree = "<group>"; };
		7A007F9A1C8D1C81004E483D /* MJRefreshHeader.h */ = {isa = PBXFileReference; fileEncoding = 4; lastKnownFileType = sourcecode.c.h; path = MJRefreshHeader.h; sourceTree = "<group>"; };
		7A007F9B1C8D1C81004E483D /* MJRefreshHeader.m */ = {isa = PBXFileReference; fileEncoding = 4; lastKnownFileType = sourcecode.c.objc; path = MJRefreshHeader.m; sourceTree = "<group>"; };
		7A007F9F1C8D1C81004E483D /* MJRefreshAutoGifFooter.h */ = {isa = PBXFileReference; fileEncoding = 4; lastKnownFileType = sourcecode.c.h; path = MJRefreshAutoGifFooter.h; sourceTree = "<group>"; };
		7A007FA01C8D1C81004E483D /* MJRefreshAutoGifFooter.m */ = {isa = PBXFileReference; fileEncoding = 4; lastKnownFileType = sourcecode.c.objc; path = MJRefreshAutoGifFooter.m; sourceTree = "<group>"; };
		7A007FA11C8D1C81004E483D /* MJRefreshAutoNormalFooter.h */ = {isa = PBXFileReference; fileEncoding = 4; lastKnownFileType = sourcecode.c.h; path = MJRefreshAutoNormalFooter.h; sourceTree = "<group>"; };
		7A007FA21C8D1C81004E483D /* MJRefreshAutoNormalFooter.m */ = {isa = PBXFileReference; fileEncoding = 4; lastKnownFileType = sourcecode.c.objc; path = MJRefreshAutoNormalFooter.m; sourceTree = "<group>"; };
		7A007FA31C8D1C81004E483D /* MJRefreshAutoStateFooter.h */ = {isa = PBXFileReference; fileEncoding = 4; lastKnownFileType = sourcecode.c.h; path = MJRefreshAutoStateFooter.h; sourceTree = "<group>"; };
		7A007FA41C8D1C81004E483D /* MJRefreshAutoStateFooter.m */ = {isa = PBXFileReference; fileEncoding = 4; lastKnownFileType = sourcecode.c.objc; path = MJRefreshAutoStateFooter.m; sourceTree = "<group>"; };
		7A007FA61C8D1C81004E483D /* MJRefreshBackGifFooter.h */ = {isa = PBXFileReference; fileEncoding = 4; lastKnownFileType = sourcecode.c.h; path = MJRefreshBackGifFooter.h; sourceTree = "<group>"; };
		7A007FA71C8D1C81004E483D /* MJRefreshBackGifFooter.m */ = {isa = PBXFileReference; fileEncoding = 4; lastKnownFileType = sourcecode.c.objc; path = MJRefreshBackGifFooter.m; sourceTree = "<group>"; };
		7A007FA81C8D1C81004E483D /* MJRefreshBackNormalFooter.h */ = {isa = PBXFileReference; fileEncoding = 4; lastKnownFileType = sourcecode.c.h; path = MJRefreshBackNormalFooter.h; sourceTree = "<group>"; };
		7A007FA91C8D1C81004E483D /* MJRefreshBackNormalFooter.m */ = {isa = PBXFileReference; fileEncoding = 4; lastKnownFileType = sourcecode.c.objc; path = MJRefreshBackNormalFooter.m; sourceTree = "<group>"; };
		7A007FAA1C8D1C81004E483D /* MJRefreshBackStateFooter.h */ = {isa = PBXFileReference; fileEncoding = 4; lastKnownFileType = sourcecode.c.h; path = MJRefreshBackStateFooter.h; sourceTree = "<group>"; };
		7A007FAB1C8D1C81004E483D /* MJRefreshBackStateFooter.m */ = {isa = PBXFileReference; fileEncoding = 4; lastKnownFileType = sourcecode.c.objc; path = MJRefreshBackStateFooter.m; sourceTree = "<group>"; };
		7A007FAD1C8D1C81004E483D /* MJRefreshGifHeader.h */ = {isa = PBXFileReference; fileEncoding = 4; lastKnownFileType = sourcecode.c.h; path = MJRefreshGifHeader.h; sourceTree = "<group>"; };
		7A007FAE1C8D1C81004E483D /* MJRefreshGifHeader.m */ = {isa = PBXFileReference; fileEncoding = 4; lastKnownFileType = sourcecode.c.objc; path = MJRefreshGifHeader.m; sourceTree = "<group>"; };
		7A007FAF1C8D1C81004E483D /* MJRefreshNormalHeader.h */ = {isa = PBXFileReference; fileEncoding = 4; lastKnownFileType = sourcecode.c.h; path = MJRefreshNormalHeader.h; sourceTree = "<group>"; };
		7A007FB01C8D1C81004E483D /* MJRefreshNormalHeader.m */ = {isa = PBXFileReference; fileEncoding = 4; lastKnownFileType = sourcecode.c.objc; path = MJRefreshNormalHeader.m; sourceTree = "<group>"; };
		7A007FB11C8D1C81004E483D /* MJRefreshStateHeader.h */ = {isa = PBXFileReference; fileEncoding = 4; lastKnownFileType = sourcecode.c.h; path = MJRefreshStateHeader.h; sourceTree = "<group>"; };
		7A007FB21C8D1C81004E483D /* MJRefreshStateHeader.m */ = {isa = PBXFileReference; fileEncoding = 4; lastKnownFileType = sourcecode.c.objc; path = MJRefreshStateHeader.m; sourceTree = "<group>"; };
		7A007FB31C8D1C81004E483D /* MJRefresh.bundle */ = {isa = PBXFileReference; lastKnownFileType = "wrapper.plug-in"; path = MJRefresh.bundle; sourceTree = "<group>"; };
		7A007FB41C8D1C81004E483D /* MJRefresh.h */ = {isa = PBXFileReference; fileEncoding = 4; lastKnownFileType = sourcecode.c.h; path = MJRefresh.h; sourceTree = "<group>"; };
		7A007FB51C8D1C81004E483D /* MJRefreshConst.h */ = {isa = PBXFileReference; fileEncoding = 4; lastKnownFileType = sourcecode.c.h; path = MJRefreshConst.h; sourceTree = "<group>"; };
		7A007FB61C8D1C81004E483D /* MJRefreshConst.m */ = {isa = PBXFileReference; fileEncoding = 4; lastKnownFileType = sourcecode.c.objc; path = MJRefreshConst.m; sourceTree = "<group>"; };
		7A007FB71C8D1C81004E483D /* UIScrollView+MJExtension.h */ = {isa = PBXFileReference; fileEncoding = 4; lastKnownFileType = sourcecode.c.h; path = "UIScrollView+MJExtension.h"; sourceTree = "<group>"; };
		7A007FB81C8D1C81004E483D /* UIScrollView+MJExtension.m */ = {isa = PBXFileReference; fileEncoding = 4; lastKnownFileType = sourcecode.c.objc; path = "UIScrollView+MJExtension.m"; sourceTree = "<group>"; };
		7A007FB91C8D1C81004E483D /* UIScrollView+MJRefresh.h */ = {isa = PBXFileReference; fileEncoding = 4; lastKnownFileType = sourcecode.c.h; path = "UIScrollView+MJRefresh.h"; sourceTree = "<group>"; };
		7A007FBA1C8D1C81004E483D /* UIScrollView+MJRefresh.m */ = {isa = PBXFileReference; fileEncoding = 4; lastKnownFileType = sourcecode.c.objc; path = "UIScrollView+MJRefresh.m"; sourceTree = "<group>"; };
		7A007FBB1C8D1C81004E483D /* UIView+MJExtension.h */ = {isa = PBXFileReference; fileEncoding = 4; lastKnownFileType = sourcecode.c.h; path = "UIView+MJExtension.h"; sourceTree = "<group>"; };
		7A007FBC1C8D1C81004E483D /* UIView+MJExtension.m */ = {isa = PBXFileReference; fileEncoding = 4; lastKnownFileType = sourcecode.c.objc; path = "UIView+MJExtension.m"; sourceTree = "<group>"; };
		7A007FD01C8D253B004E483D /* ClassListViewController.h */ = {isa = PBXFileReference; fileEncoding = 4; lastKnownFileType = sourcecode.c.h; name = ClassListViewController.h; path = ../View/ClassListViewController.h; sourceTree = "<group>"; };
		7A007FD11C8D253B004E483D /* ClassListViewController.m */ = {isa = PBXFileReference; fileEncoding = 4; lastKnownFileType = sourcecode.c.objc; name = ClassListViewController.m; path = ../View/ClassListViewController.m; sourceTree = "<group>"; };
		7A007FD31C8D264A004E483D /* ClassListTableViewCell.h */ = {isa = PBXFileReference; fileEncoding = 4; lastKnownFileType = sourcecode.c.h; path = ClassListTableViewCell.h; sourceTree = "<group>"; };
		7A007FD41C8D264A004E483D /* ClassListTableViewCell.m */ = {isa = PBXFileReference; fileEncoding = 4; lastKnownFileType = sourcecode.c.objc; path = ClassListTableViewCell.m; sourceTree = "<group>"; };
		7A007FD51C8D264A004E483D /* ClassListTableViewCell.xib */ = {isa = PBXFileReference; fileEncoding = 4; lastKnownFileType = file.xib; path = ClassListTableViewCell.xib; sourceTree = "<group>"; };
		7A007FD81C8D2864004E483D /* BookList.h */ = {isa = PBXFileReference; fileEncoding = 4; lastKnownFileType = sourcecode.c.h; path = BookList.h; sourceTree = "<group>"; };
		7A007FD91C8D2864004E483D /* BookList.m */ = {isa = PBXFileReference; fileEncoding = 4; lastKnownFileType = sourcecode.c.objc; path = BookList.m; sourceTree = "<group>"; };
		7A007FDB1C8D2FA7004E483D /* BookDetailViewController.h */ = {isa = PBXFileReference; fileEncoding = 4; lastKnownFileType = sourcecode.c.h; path = BookDetailViewController.h; sourceTree = "<group>"; };
		7A007FDC1C8D2FA7004E483D /* BookDetailViewController.m */ = {isa = PBXFileReference; fileEncoding = 4; lastKnownFileType = sourcecode.c.objc; path = BookDetailViewController.m; sourceTree = "<group>"; };
		7A53696E1C8D71C0006C0516 /* BookDetailView.plist */ = {isa = PBXFileReference; fileEncoding = 4; lastKnownFileType = text.plist.xml; path = BookDetailView.plist; sourceTree = "<group>"; };
		7A9F25081C882B140061C8FD /* CoffeeBook.app */ = {isa = PBXFileReference; explicitFileType = wrapper.application; includeInIndex = 0; path = CoffeeBook.app; sourceTree = BUILT_PRODUCTS_DIR; };
		7A9F250C1C882B140061C8FD /* main.m */ = {isa = PBXFileReference; lastKnownFileType = sourcecode.c.objc; path = main.m; sourceTree = "<group>"; };
		7A9F250E1C882B140061C8FD /* AppDelegate.h */ = {isa = PBXFileReference; lastKnownFileType = sourcecode.c.h; path = AppDelegate.h; sourceTree = "<group>"; };
		7A9F250F1C882B140061C8FD /* AppDelegate.m */ = {isa = PBXFileReference; lastKnownFileType = sourcecode.c.objc; path = AppDelegate.m; sourceTree = "<group>"; };
		7A9F25111C882B140061C8FD /* Assets.xcassets */ = {isa = PBXFileReference; lastKnownFileType = folder.assetcatalog; path = Assets.xcassets; sourceTree = "<group>"; };
		7A9F25141C882B140061C8FD /* Base */ = {isa = PBXFileReference; lastKnownFileType = file.storyboard; name = Base; path = Base.lproj/LaunchScreen.storyboard; sourceTree = "<group>"; };
		7A9F25161C882B140061C8FD /* Info.plist */ = {isa = PBXFileReference; lastKnownFileType = text.plist.xml; path = Info.plist; sourceTree = "<group>"; };
		7AC93F1B1C8C0825003BCEF8 /* UIViewController+Common.h */ = {isa = PBXFileReference; fileEncoding = 4; lastKnownFileType = sourcecode.c.h; path = "UIViewController+Common.h"; sourceTree = "<group>"; };
		7AC93F1C1C8C0825003BCEF8 /* UIViewController+Common.m */ = {isa = PBXFileReference; fileEncoding = 4; lastKnownFileType = sourcecode.c.objc; path = "UIViewController+Common.m"; sourceTree = "<group>"; };
		7AC93F2B1C8C33A0003BCEF8 /* DisListTableViewCell.h */ = {isa = PBXFileReference; fileEncoding = 4; lastKnownFileType = sourcecode.c.h; path = DisListTableViewCell.h; sourceTree = "<group>"; };
		7AC93F2C1C8C33A0003BCEF8 /* DisListTableViewCell.m */ = {isa = PBXFileReference; fileEncoding = 4; lastKnownFileType = sourcecode.c.objc; path = DisListTableViewCell.m; sourceTree = "<group>"; };
		7AC93F2D1C8C33A0003BCEF8 /* DisListTableViewCell.xib */ = {isa = PBXFileReference; fileEncoding = 4; lastKnownFileType = file.xib; path = DisListTableViewCell.xib; sourceTree = "<group>"; };
		7AC93F301C8C55B0003BCEF8 /* class.plist */ = {isa = PBXFileReference; fileEncoding = 4; lastKnownFileType = text.plist.xml; path = class.plist; sourceTree = "<group>"; };
		7AC93F351C8C57A7003BCEF8 /* BookClassModel.h */ = {isa = PBXFileReference; fileEncoding = 4; lastKnownFileType = sourcecode.c.h; path = BookClassModel.h; sourceTree = "<group>"; };
		7AC93F361C8C57A7003BCEF8 /* BookClassModel.m */ = {isa = PBXFileReference; fileEncoding = 4; lastKnownFileType = sourcecode.c.objc; path = BookClassModel.m; sourceTree = "<group>"; };
		7AC93F381C8C5D71003BCEF8 /* BookClassCollectionViewCell.h */ = {isa = PBXFileReference; fileEncoding = 4; lastKnownFileType = sourcecode.c.h; path = BookClassCollectionViewCell.h; sourceTree = "<group>"; };
		7AC93F391C8C5D71003BCEF8 /* BookClassCollectionViewCell.m */ = {isa = PBXFileReference; fileEncoding = 4; lastKnownFileType = sourcecode.c.objc; path = BookClassCollectionViewCell.m; sourceTree = "<group>"; };
		7AC93F3A1C8C5D71003BCEF8 /* BookClassCollectionViewCell.xib */ = {isa = PBXFileReference; fileEncoding = 4; lastKnownFileType = file.xib; path = BookClassCollectionViewCell.xib; sourceTree = "<group>"; };
		7AD5906B1C891A04008460B8 /* blueArrow.png */ = {isa = PBXFileReference; lastKnownFileType = image.png; path = blueArrow.png; sourceTree = "<group>"; };
		7AD5906C1C891A04008460B8 /* blueArrowDown.png */ = {isa = PBXFileReference; lastKnownFileType = image.png; path = blueArrowDown.png; sourceTree = "<group>"; };
		7AD5906D1C891A04008460B8 /* PullingRefreshTableView.h */ = {isa = PBXFileReference; fileEncoding = 4; lastKnownFileType = sourcecode.c.h; path = PullingRefreshTableView.h; sourceTree = "<group>"; };
		7AD5906E1C891A04008460B8 /* PullingRefreshTableView.m */ = {isa = PBXFileReference; fileEncoding = 4; lastKnownFileType = sourcecode.c.objc; path = PullingRefreshTableView.m; sourceTree = "<group>"; };
		7AD5906F1C891A04008460B8 /* ShareViewController.h */ = {isa = PBXFileReference; fileEncoding = 4; lastKnownFileType = sourcecode.c.h; path = ShareViewController.h; sourceTree = "<group>"; };
		7AD590701C891A04008460B8 /* ShareViewController.m */ = {isa = PBXFileReference; fileEncoding = 4; lastKnownFileType = sourcecode.c.objc; path = ShareViewController.m; sourceTree = "<group>"; };
		7AD590721C891A04008460B8 /* ProgressHUD.bundle */ = {isa = PBXFileReference; lastKnownFileType = "wrapper.plug-in"; path = ProgressHUD.bundle; sourceTree = "<group>"; };
		7AD590731C891A04008460B8 /* ProgressHUD.h */ = {isa = PBXFileReference; fileEncoding = 4; lastKnownFileType = sourcecode.c.h; path = ProgressHUD.h; sourceTree = "<group>"; };
		7AD590741C891A04008460B8 /* ProgressHUD.m */ = {isa = PBXFileReference; fileEncoding = 4; lastKnownFileType = sourcecode.c.objc; path = ProgressHUD.m; sourceTree = "<group>"; };
		7AD5907B1C892028008460B8 /* BookTableViewCell.h */ = {isa = PBXFileReference; fileEncoding = 4; lastKnownFileType = sourcecode.c.h; path = BookTableViewCell.h; sourceTree = "<group>"; };
		7AD5907C1C892028008460B8 /* BookTableViewCell.m */ = {isa = PBXFileReference; fileEncoding = 4; lastKnownFileType = sourcecode.c.objc; path = BookTableViewCell.m; sourceTree = "<group>"; };
		7AD5907D1C892028008460B8 /* BookTableViewCell.xib */ = {isa = PBXFileReference; fileEncoding = 4; lastKnownFileType = file.xib; path = BookTableViewCell.xib; sourceTree = "<group>"; };
		7AD590801C892CB4008460B8 /* JieKo.h */ = {isa = PBXFileReference; lastKnownFileType = sourcecode.c.h; name = JieKo.h; path = ../CoffeeBook/class/Book/Controller/JieKo.h; sourceTree = "<group>"; };
		7AD590831C89610F008460B8 /* Book.plist */ = {isa = PBXFileReference; fileEncoding = 4; lastKnownFileType = text.plist.xml; path = Book.plist; sourceTree = "<group>"; };
		7AD590851C896DE0008460B8 /* Model.h */ = {isa = PBXFileReference; fileEncoding = 4; lastKnownFileType = sourcecode.c.h; path = Model.h; sourceTree = "<group>"; };
		7AD590861C896DE0008460B8 /* Model.m */ = {isa = PBXFileReference; fileEncoding = 4; lastKnownFileType = sourcecode.c.objc; path = Model.m; sourceTree = "<group>"; };
		7AD590881C89AB91008460B8 /* ReadViewController.h */ = {isa = PBXFileReference; fileEncoding = 4; lastKnownFileType = sourcecode.c.h; path = ReadViewController.h; sourceTree = "<group>"; };
		7AD590891C89AB91008460B8 /* ReadViewController.m */ = {isa = PBXFileReference; fileEncoding = 4; lastKnownFileType = sourcecode.c.objc; path = ReadViewController.m; sourceTree = "<group>"; };
		7AD5908B1C89AD53008460B8 /* LesionViewController.h */ = {isa = PBXFileReference; fileEncoding = 4; lastKnownFileType = sourcecode.c.h; path = LesionViewController.h; sourceTree = "<group>"; };
		7AD5908C1C89AD53008460B8 /* LesionViewController.m */ = {isa = PBXFileReference; fileEncoding = 4; lastKnownFileType = sourcecode.c.objc; path = LesionViewController.m; sourceTree = "<group>"; };
		7AD5908E1C89AD5D008460B8 /* SeeViewController.h */ = {isa = PBXFileReference; fileEncoding = 4; lastKnownFileType = sourcecode.c.h; path = SeeViewController.h; sourceTree = "<group>"; };
		7AD5908F1C89AD5D008460B8 /* SeeViewController.m */ = {isa = PBXFileReference; fileEncoding = 4; lastKnownFileType = sourcecode.c.objc; path = SeeViewController.m; sourceTree = "<group>"; };
		7AE1272F1C8A760A00B330FB /* see.plist */ = {isa = PBXFileReference; fileEncoding = 4; lastKnownFileType = text.plist.xml; path = see.plist; sourceTree = "<group>"; };
		7AE127311C8A800D00B330FB /* Touch_The_Sky.mp4 */ = {isa = PBXFileReference; lastKnownFileType = file; name = Touch_The_Sky.mp4; path = ../../../../Downloads/Touch_The_Sky.mp4; sourceTree = "<group>"; };
		7AE127331C8A83BE00B330FB /* MediaPlayer.framework */ = {isa = PBXFileReference; lastKnownFileType = wrapper.framework; name = MediaPlayer.framework; path = System/Library/Frameworks/MediaPlayer.framework; sourceTree = SDKROOT; };
		7AE1273C1C8AC7FA00B330FB /* lesion.plist */ = {isa = PBXFileReference; fileEncoding = 4; lastKnownFileType = text.plist.xml; path = lesion.plist; sourceTree = "<group>"; };
		7AE1273E1C8AEFD200B330FB /* read.plist */ = {isa = PBXFileReference; fileEncoding = 4; lastKnownFileType = text.plist.xml; path = read.plist; sourceTree = "<group>"; };
		7AF227621C88438E008C2F23 /* PrefixHeader.pch */ = {isa = PBXFileReference; lastKnownFileType = sourcecode.c.h; path = PrefixHeader.pch; sourceTree = "<group>"; };
		7AF227631C88525F008C2F23 /* BookViewController.h */ = {isa = PBXFileReference; fileEncoding = 4; lastKnownFileType = sourcecode.c.h; path = BookViewController.h; sourceTree = "<group>"; };
		7AF227641C88525F008C2F23 /* BookViewController.m */ = {isa = PBXFileReference; fileEncoding = 4; lastKnownFileType = sourcecode.c.objc; path = BookViewController.m; sourceTree = "<group>"; };
		7AF227661C885283008C2F23 /* BookClassViewController.h */ = {isa = PBXFileReference; fileEncoding = 4; lastKnownFileType = sourcecode.c.h; path = BookClassViewController.h; sourceTree = "<group>"; };
		7AF227671C885283008C2F23 /* BookClassViewController.m */ = {isa = PBXFileReference; fileEncoding = 4; lastKnownFileType = sourcecode.c.objc; path = BookClassViewController.m; sourceTree = "<group>"; };
		7AF227691C885297008C2F23 /* DiscoverViewController.h */ = {isa = PBXFileReference; fileEncoding = 4; lastKnownFileType = sourcecode.c.h; path = DiscoverViewController.h; sourceTree = "<group>"; };
		7AF2276A1C885298008C2F23 /* DiscoverViewController.m */ = {isa = PBXFileReference; fileEncoding = 4; lastKnownFileType = sourcecode.c.objc; path = DiscoverViewController.m; sourceTree = "<group>"; };
		7AF2276C1C885390008C2F23 /* Book.storyboard */ = {isa = PBXFileReference; fileEncoding = 4; lastKnownFileType = file.storyboard; path = Book.storyboard; sourceTree = "<group>"; };
		7AF2276E1C8853A6008C2F23 /* BookClass.storyboard */ = {isa = PBXFileReference; fileEncoding = 4; lastKnownFileType = file.storyboard; path = BookClass.storyboard; sourceTree = "<group>"; };
		7AF227701C8853B4008C2F23 /* Discover.storyboard */ = {isa = PBXFileReference; fileEncoding = 4; lastKnownFileType = file.storyboard; path = Discover.storyboard; sourceTree = "<group>"; };
		E4776177903408030F27C1B5 /* libPods.a */ = {isa = PBXFileReference; explicitFileType = archive.ar; includeInIndex = 0; path = libPods.a; sourceTree = BUILT_PRODUCTS_DIR; };
/* End PBXFileReference section */

/* Begin PBXFrameworksBuildPhase section */
		7A9F25051C882B140061C8FD /* Frameworks */ = {
			isa = PBXFrameworksBuildPhase;
			buildActionMask = 2147483647;
			files = (
				7AE127341C8A83BE00B330FB /* MediaPlayer.framework in Frameworks */,
				3920BA324FEC5856AAA8B4F2 /* libPods.a in Frameworks */,
			);
			runOnlyForDeploymentPostprocessing = 0;
		};
/* End PBXFrameworksBuildPhase section */

/* Begin PBXGroup section */
		7A007F901C8D1C81004E483D /* MJRefresh */ = {
			isa = PBXGroup;
			children = (
				7A007F911C8D1C81004E483D /* Base */,
				7A007F9C1C8D1C81004E483D /* Custom */,
				7A007FB31C8D1C81004E483D /* MJRefresh.bundle */,
				7A007FB41C8D1C81004E483D /* MJRefresh.h */,
				7A007FB51C8D1C81004E483D /* MJRefreshConst.h */,
				7A007FB61C8D1C81004E483D /* MJRefreshConst.m */,
				7A007FB71C8D1C81004E483D /* UIScrollView+MJExtension.h */,
				7A007FB81C8D1C81004E483D /* UIScrollView+MJExtension.m */,
				7A007FB91C8D1C81004E483D /* UIScrollView+MJRefresh.h */,
				7A007FBA1C8D1C81004E483D /* UIScrollView+MJRefresh.m */,
				7A007FBB1C8D1C81004E483D /* UIView+MJExtension.h */,
				7A007FBC1C8D1C81004E483D /* UIView+MJExtension.m */,
			);
			path = MJRefresh;
			sourceTree = "<group>";
		};
		7A007F911C8D1C81004E483D /* Base */ = {
			isa = PBXGroup;
			children = (
				7A007F921C8D1C81004E483D /* MJRefreshAutoFooter.h */,
				7A007F931C8D1C81004E483D /* MJRefreshAutoFooter.m */,
				7A007F941C8D1C81004E483D /* MJRefreshBackFooter.h */,
				7A007F951C8D1C81004E483D /* MJRefreshBackFooter.m */,
				7A007F961C8D1C81004E483D /* MJRefreshComponent.h */,
				7A007F971C8D1C81004E483D /* MJRefreshComponent.m */,
				7A007F981C8D1C81004E483D /* MJRefreshFooter.h */,
				7A007F991C8D1C81004E483D /* MJRefreshFooter.m */,
				7A007F9A1C8D1C81004E483D /* MJRefreshHeader.h */,
				7A007F9B1C8D1C81004E483D /* MJRefreshHeader.m */,
			);
			path = Base;
			sourceTree = "<group>";
		};
		7A007F9C1C8D1C81004E483D /* Custom */ = {
			isa = PBXGroup;
			children = (
				7A007F9D1C8D1C81004E483D /* Footer */,
				7A007FAC1C8D1C81004E483D /* Header */,
			);
			path = Custom;
			sourceTree = "<group>";
		};
		7A007F9D1C8D1C81004E483D /* Footer */ = {
			isa = PBXGroup;
			children = (
				7A007F9E1C8D1C81004E483D /* Auto */,
				7A007FA51C8D1C81004E483D /* Back */,
			);
			path = Footer;
			sourceTree = "<group>";
		};
		7A007F9E1C8D1C81004E483D /* Auto */ = {
			isa = PBXGroup;
			children = (
				7A007F9F1C8D1C81004E483D /* MJRefreshAutoGifFooter.h */,
				7A007FA01C8D1C81004E483D /* MJRefreshAutoGifFooter.m */,
				7A007FA11C8D1C81004E483D /* MJRefreshAutoNormalFooter.h */,
				7A007FA21C8D1C81004E483D /* MJRefreshAutoNormalFooter.m */,
				7A007FA31C8D1C81004E483D /* MJRefreshAutoStateFooter.h */,
				7A007FA41C8D1C81004E483D /* MJRefreshAutoStateFooter.m */,
			);
			path = Auto;
			sourceTree = "<group>";
		};
		7A007FA51C8D1C81004E483D /* Back */ = {
			isa = PBXGroup;
			children = (
				7A007FA61C8D1C81004E483D /* MJRefreshBackGifFooter.h */,
				7A007FA71C8D1C81004E483D /* MJRefreshBackGifFooter.m */,
				7A007FA81C8D1C81004E483D /* MJRefreshBackNormalFooter.h */,
				7A007FA91C8D1C81004E483D /* MJRefreshBackNormalFooter.m */,
				7A007FAA1C8D1C81004E483D /* MJRefreshBackStateFooter.h */,
				7A007FAB1C8D1C81004E483D /* MJRefreshBackStateFooter.m */,
			);
			path = Back;
			sourceTree = "<group>";
		};
		7A007FAC1C8D1C81004E483D /* Header */ = {
			isa = PBXGroup;
			children = (
				7A007FAD1C8D1C81004E483D /* MJRefreshGifHeader.h */,
				7A007FAE1C8D1C81004E483D /* MJRefreshGifHeader.m */,
				7A007FAF1C8D1C81004E483D /* MJRefreshNormalHeader.h */,
				7A007FB01C8D1C81004E483D /* MJRefreshNormalHeader.m */,
				7A007FB11C8D1C81004E483D /* MJRefreshStateHeader.h */,
				7A007FB21C8D1C81004E483D /* MJRefreshStateHeader.m */,
			);
			path = Header;
			sourceTree = "<group>";
		};
		7A9F24FF1C882B130061C8FD = {
			isa = PBXGroup;
			children = (
				7A9F250A1C882B140061C8FD /* CoffeeBook */,
				7A9F25091C882B140061C8FD /* Products */,
				FE5163EB7DE96E0A6943FEE9 /* Pods */,
				DA5C2E17768F4B806E90E384 /* Frameworks */,
			);
			sourceTree = "<group>";
		};
		7A9F25091C882B140061C8FD /* Products */ = {
			isa = PBXGroup;
			children = (
				7A9F25081C882B140061C8FD /* CoffeeBook.app */,
			);
			name = Products;
			sourceTree = "<group>";
		};
		7A9F250A1C882B140061C8FD /* CoffeeBook */ = {
			isa = PBXGroup;
			children = (
				7AF227501C8840D3008C2F23 /* common */,
				7AF227511C884159008C2F23 /* Libary */,
				7AF227521C884160008C2F23 /* class */,
				7A9F250E1C882B140061C8FD /* AppDelegate.h */,
				7A9F250F1C882B140061C8FD /* AppDelegate.m */,
				7A9F25111C882B140061C8FD /* Assets.xcassets */,
				7A9F25131C882B140061C8FD /* LaunchScreen.storyboard */,
				7A9F25161C882B140061C8FD /* Info.plist */,
				7A9F250B1C882B140061C8FD /* Supporting Files */,
			);
			path = CoffeeBook;
			sourceTree = "<group>";
		};
		7A9F250B1C882B140061C8FD /* Supporting Files */ = {
			isa = PBXGroup;
			children = (
				7A9F250C1C882B140061C8FD /* main.m */,
			);
			name = "Supporting Files";
			sourceTree = "<group>";
		};
		7AD5906A1C891A04008460B8 /* PullingRefreshTableView */ = {
			isa = PBXGroup;
			children = (
				7AD5906B1C891A04008460B8 /* blueArrow.png */,
				7AD5906C1C891A04008460B8 /* blueArrowDown.png */,
				7AD5906D1C891A04008460B8 /* PullingRefreshTableView.h */,
				7AD5906E1C891A04008460B8 /* PullingRefreshTableView.m */,
				7AD5906F1C891A04008460B8 /* ShareViewController.h */,
				7AD590701C891A04008460B8 /* ShareViewController.m */,
			);
			path = PullingRefreshTableView;
			sourceTree = "<group>";
		};
		7AD590711C891A04008460B8 /* ProgressHUD */ = {
			isa = PBXGroup;
			children = (
				7AD590721C891A04008460B8 /* ProgressHUD.bundle */,
				7AD590731C891A04008460B8 /* ProgressHUD.h */,
				7AD590741C891A04008460B8 /* ProgressHUD.m */,
			);
			path = ProgressHUD;
			sourceTree = "<group>";
		};
		7AF227501C8840D3008C2F23 /* common */ = {
			isa = PBXGroup;
			children = (
				7AE127311C8A800D00B330FB /* Touch_The_Sky.mp4 */,
				7AD590801C892CB4008460B8 /* JieKo.h */,
				7AF227621C88438E008C2F23 /* PrefixHeader.pch */,
				7AC93F1B1C8C0825003BCEF8 /* UIViewController+Common.h */,
				7AC93F1C1C8C0825003BCEF8 /* UIViewController+Common.m */,
			);
			path = common;
			sourceTree = SOURCE_ROOT;
		};
		7AF227511C884159008C2F23 /* Libary */ = {
			isa = PBXGroup;
			children = (
				7A007F901C8D1C81004E483D /* MJRefresh */,
				7AD5906A1C891A04008460B8 /* PullingRefreshTableView */,
				7AD590711C891A04008460B8 /* ProgressHUD */,
			);
			path = Libary;
			sourceTree = SOURCE_ROOT;
		};
		7AF227521C884160008C2F23 /* class */ = {
			isa = PBXGroup;
			children = (
				7AF227531C884160008C2F23 /* Book */,
				7AF2275B1C884160008C2F23 /* Discover */,
				7AF227571C884160008C2F23 /* BookClass */,
			);
			path = class;
			sourceTree = "<group>";
		};
		7AF227531C884160008C2F23 /* Book */ = {
			isa = PBXGroup;
			children = (
				7AF227541C884160008C2F23 /* Controller */,
				7AF227551C884160008C2F23 /* Models */,
				7AF227561C884160008C2F23 /* View */,
			);
			path = Book;
			sourceTree = "<group>";
		};
		7AF227541C884160008C2F23 /* Controller */ = {
			isa = PBXGroup;
			children = (
				7AF227631C88525F008C2F23 /* BookViewController.h */,
				7AF227641C88525F008C2F23 /* BookViewController.m */,
				7AD590831C89610F008460B8 /* Book.plist */,
				7AD590881C89AB91008460B8 /* ReadViewController.h */,
				7AD590891C89AB91008460B8 /* ReadViewController.m */,
				7AE1273E1C8AEFD200B330FB /* read.plist */,
				7AD5908B1C89AD53008460B8 /* LesionViewController.h */,
				7AD5908C1C89AD53008460B8 /* LesionViewController.m */,
				7AE1273C1C8AC7FA00B330FB /* lesion.plist */,
				7AD5908E1C89AD5D008460B8 /* SeeViewController.h */,
				7AD5908F1C89AD5D008460B8 /* SeeViewController.m */,
				7AE1272F1C8A760A00B330FB /* see.plist */,
			);
			path = Controller;
			sourceTree = "<group>";
		};
		7AF227551C884160008C2F23 /* Models */ = {
			isa = PBXGroup;
			children = (
				7AD590851C896DE0008460B8 /* Model.h */,
				7AD590861C896DE0008460B8 /* Model.m */,
			);
			path = Models;
			sourceTree = "<group>";
		};
		7AF227561C884160008C2F23 /* View */ = {
			isa = PBXGroup;
			children = (
				7AF2276C1C885390008C2F23 /* Book.storyboard */,
				7AD5907B1C892028008460B8 /* BookTableViewCell.h */,
				7AD5907C1C892028008460B8 /* BookTableViewCell.m */,
				7AD5907D1C892028008460B8 /* BookTableViewCell.xib */,
			);
			path = View;
			sourceTree = "<group>";
		};
		7AF227571C884160008C2F23 /* BookClass */ = {
			isa = PBXGroup;
			children = (
				7AF227581C884160008C2F23 /* Controller */,
				7AF227591C884160008C2F23 /* Models */,
				7AF2275A1C884160008C2F23 /* View */,
			);
			path = BookClass;
			sourceTree = "<group>";
		};
		7AF227581C884160008C2F23 /* Controller */ = {
			isa = PBXGroup;
			children = (
				7AF227661C885283008C2F23 /* BookClassViewController.h */,
				7AF227671C885283008C2F23 /* BookClassViewController.m */,
				7A007FD01C8D253B004E483D /* ClassListViewController.h */,
				7A007FD11C8D253B004E483D /* ClassListViewController.m */,
				7AC93F301C8C55B0003BCEF8 /* class.plist */,
				7A007FDB1C8D2FA7004E483D /* BookDetailViewController.h */,
				7A007FDC1C8D2FA7004E483D /* BookDetailViewController.m */,
				7A53696E1C8D71C0006C0516 /* BookDetailView.plist */,
			);
			path = Controller;
			sourceTree = "<group>";
		};
		7AF227591C884160008C2F23 /* Models */ = {
			isa = PBXGroup;
			children = (
				7AC93F351C8C57A7003BCEF8 /* BookClassModel.h */,
				7AC93F361C8C57A7003BCEF8 /* BookClassModel.m */,
				7A007FD81C8D2864004E483D /* BookList.h */,
				7A007FD91C8D2864004E483D /* BookList.m */,
			);
			path = Models;
			sourceTree = "<group>";
		};
		7AF2275A1C884160008C2F23 /* View */ = {
			isa = PBXGroup;
			children = (
				7AF2276E1C8853A6008C2F23 /* BookClass.storyboard */,
				7AC93F381C8C5D71003BCEF8 /* BookClassCollectionViewCell.h */,
				7AC93F391C8C5D71003BCEF8 /* BookClassCollectionViewCell.m */,
				7AC93F3A1C8C5D71003BCEF8 /* BookClassCollectionViewCell.xib */,
				7A007FD31C8D264A004E483D /* ClassListTableViewCell.h */,
				7A007FD41C8D264A004E483D /* ClassListTableViewCell.m */,
				7A007FD51C8D264A004E483D /* ClassListTableViewCell.xib */,
			);
			path = View;
			sourceTree = "<group>";
		};
		7AF2275B1C884160008C2F23 /* Discover */ = {
			isa = PBXGroup;
			children = (
				7AF2275C1C884160008C2F23 /* Controller */,
				7AF2275D1C884160008C2F23 /* Models */,
				7AF2275E1C884160008C2F23 /* View */,
			);
			path = Discover;
			sourceTree = "<group>";
		};
		7AF2275C1C884160008C2F23 /* Controller */ = {
			isa = PBXGroup;
			children = (
				7AF227691C885297008C2F23 /* DiscoverViewController.h */,
				7AF2276A1C885298008C2F23 /* DiscoverViewController.m */,
			);
			path = Controller;
			sourceTree = "<group>";
		};
		7AF2275D1C884160008C2F23 /* Models */ = {
			isa = PBXGroup;
			children = (
			);
			path = Models;
			sourceTree = "<group>";
		};
		7AF2275E1C884160008C2F23 /* View */ = {
			isa = PBXGroup;
			children = (
				7AF227701C8853B4008C2F23 /* Discover.storyboard */,
				7AC93F2B1C8C33A0003BCEF8 /* DisListTableViewCell.h */,
				7AC93F2C1C8C33A0003BCEF8 /* DisListTableViewCell.m */,
				7AC93F2D1C8C33A0003BCEF8 /* DisListTableViewCell.xib */,
			);
			path = View;
			sourceTree = "<group>";
		};
		DA5C2E17768F4B806E90E384 /* Frameworks */ = {
			isa = PBXGroup;
			children = (
				7AE127331C8A83BE00B330FB /* MediaPlayer.framework */,
				E4776177903408030F27C1B5 /* libPods.a */,
			);
			name = Frameworks;
			sourceTree = "<group>";
		};
		FE5163EB7DE96E0A6943FEE9 /* Pods */ = {
			isa = PBXGroup;
			children = (
				01542F6810975C90291E0412 /* Pods.debug.xcconfig */,
				59DFF7739C29D37DE772F8E2 /* Pods.release.xcconfig */,
			);
			name = Pods;
			sourceTree = "<group>";
		};
/* End PBXGroup section */

/* Begin PBXNativeTarget section */
		7A9F25071C882B140061C8FD /* CoffeeBook */ = {
			isa = PBXNativeTarget;
			buildConfigurationList = 7A9F25191C882B140061C8FD /* Build configuration list for PBXNativeTarget "CoffeeBook" */;
			buildPhases = (
				CACB7BC80B532F0C0398CE0A /* Check Pods Manifest.lock */,
				7A9F25041C882B140061C8FD /* Sources */,
				7A9F25051C882B140061C8FD /* Frameworks */,
				7A9F25061C882B140061C8FD /* Resources */,
				04B2CF4C5F4D5E9D4C06ADC8 /* Embed Pods Frameworks */,
				E880451325A2961DEC4E97C0 /* Copy Pods Resources */,
			);
			buildRules = (
			);
			dependencies = (
			);
			name = CoffeeBook;
			productName = CoffeeBook;
			productReference = 7A9F25081C882B140061C8FD /* CoffeeBook.app */;
			productType = "com.apple.product-type.application";
		};
/* End PBXNativeTarget section */

/* Begin PBXProject section */
		7A9F25001C882B130061C8FD /* Project object */ = {
			isa = PBXProject;
			attributes = {
				LastUpgradeCheck = 0720;
				ORGANIZATIONNAME = "郭飞飞";
				TargetAttributes = {
					7A9F25071C882B140061C8FD = {
						CreatedOnToolsVersion = 7.2;
						DevelopmentTeam = 8Z44W37ZT6;
					};
				};
			};
			buildConfigurationList = 7A9F25031C882B130061C8FD /* Build configuration list for PBXProject "CoffeeBook" */;
			compatibilityVersion = "Xcode 3.2";
			developmentRegion = English;
			hasScannedForEncodings = 0;
			knownRegions = (
				en,
				Base,
			);
			mainGroup = 7A9F24FF1C882B130061C8FD;
			productRefGroup = 7A9F25091C882B140061C8FD /* Products */;
			projectDirPath = "";
			projectRoot = "";
			targets = (
				7A9F25071C882B140061C8FD /* CoffeeBook */,
			);
		};
/* End PBXProject section */

/* Begin PBXResourcesBuildPhase section */
		7A9F25061C882B140061C8FD /* Resources */ = {
			isa = PBXResourcesBuildPhase;
			buildActionMask = 2147483647;
			files = (
				7A007FD71C8D264A004E483D /* ClassListTableViewCell.xib in Resources */,
				7AD590791C891A04008460B8 /* ProgressHUD.bundle in Resources */,
				7AF2276F1C8853A6008C2F23 /* BookClass.storyboard in Resources */,
				7A53696F1C8D71C0006C0516 /* BookDetailView.plist in Resources */,
				7AD5907F1C892028008460B8 /* BookTableViewCell.xib in Resources */,
				7AD590841C89610F008460B8 /* Book.plist in Resources */,
				7AD590761C891A04008460B8 /* blueArrowDown.png in Resources */,
				7AE127321C8A800D00B330FB /* Touch_The_Sky.mp4 in Resources */,
				7AC93F2F1C8C33A0003BCEF8 /* DisListTableViewCell.xib in Resources */,
				7AC93F3C1C8C5D71003BCEF8 /* BookClassCollectionViewCell.xib in Resources */,
				7A007FCB1C8D1C81004E483D /* MJRefresh.bundle in Resources */,
				7AE1273F1C8AEFD200B330FB /* read.plist in Resources */,
				7A9F25121C882B140061C8FD /* Assets.xcassets in Resources */,
				7AF227711C8853B4008C2F23 /* Discover.storyboard in Resources */,
				7AD590751C891A04008460B8 /* blueArrow.png in Resources */,
				7AC93F311C8C55B0003BCEF8 /* class.plist in Resources */,
				7AE127301C8A760A00B330FB /* see.plist in Resources */,
				7AF2276D1C885390008C2F23 /* Book.storyboard in Resources */,
				7AE1273D1C8AC7FA00B330FB /* lesion.plist in Resources */,
				7A9F25151C882B140061C8FD /* LaunchScreen.storyboard in Resources */,
			);
			runOnlyForDeploymentPostprocessing = 0;
		};
/* End PBXResourcesBuildPhase section */

/* Begin PBXShellScriptBuildPhase section */
		04B2CF4C5F4D5E9D4C06ADC8 /* Embed Pods Frameworks */ = {
			isa = PBXShellScriptBuildPhase;
			buildActionMask = 2147483647;
			files = (
			);
			inputPaths = (
			);
			name = "Embed Pods Frameworks";
			outputPaths = (
			);
			runOnlyForDeploymentPostprocessing = 0;
			shellPath = /bin/sh;
			shellScript = "\"${SRCROOT}/Pods/Target Support Files/Pods/Pods-frameworks.sh\"\n";
			showEnvVarsInLog = 0;
		};
		CACB7BC80B532F0C0398CE0A /* Check Pods Manifest.lock */ = {
			isa = PBXShellScriptBuildPhase;
			buildActionMask = 2147483647;
			files = (
			);
			inputPaths = (
			);
			name = "Check Pods Manifest.lock";
			outputPaths = (
			);
			runOnlyForDeploymentPostprocessing = 0;
			shellPath = /bin/sh;
			shellScript = "diff \"${PODS_ROOT}/../Podfile.lock\" \"${PODS_ROOT}/Manifest.lock\" > /dev/null\nif [[ $? != 0 ]] ; then\n    cat << EOM\nerror: The sandbox is not in sync with the Podfile.lock. Run 'pod install' or update your CocoaPods installation.\nEOM\n    exit 1\nfi\n";
			showEnvVarsInLog = 0;
		};
		E880451325A2961DEC4E97C0 /* Copy Pods Resources */ = {
			isa = PBXShellScriptBuildPhase;
			buildActionMask = 2147483647;
			files = (
			);
			inputPaths = (
			);
			name = "Copy Pods Resources";
			outputPaths = (
			);
			runOnlyForDeploymentPostprocessing = 0;
			shellPath = /bin/sh;
			shellScript = "\"${SRCROOT}/Pods/Target Support Files/Pods/Pods-resources.sh\"\n";
			showEnvVarsInLog = 0;
		};
/* End PBXShellScriptBuildPhase section */

/* Begin PBXSourcesBuildPhase section */
		7A9F25041C882B140061C8FD /* Sources */ = {
			isa = PBXSourcesBuildPhase;
			buildActionMask = 2147483647;
			files = (
				7AC93F3B1C8C5D71003BCEF8 /* BookClassCollectionViewCell.m in Sources */,
				7AF2276B1C885298008C2F23 /* DiscoverViewController.m in Sources */,
				7AD590771C891A04008460B8 /* PullingRefreshTableView.m in Sources */,
				7AF227681C885283008C2F23 /* BookClassViewController.m in Sources */,
				7AF227651C88525F008C2F23 /* BookViewController.m in Sources */,
				7A007FC31C8D1C81004E483D /* MJRefreshAutoNormalFooter.m in Sources */,
				7A007FC91C8D1C81004E483D /* MJRefreshNormalHeader.m in Sources */,
				7AC93F2E1C8C33A0003BCEF8 /* DisListTableViewCell.m in Sources */,
				7AD590781C891A04008460B8 /* ShareViewController.m in Sources */,
				7AD5908A1C89AB91008460B8 /* ReadViewController.m in Sources */,
				7A007FCE1C8D1C81004E483D /* UIScrollView+MJRefresh.m in Sources */,
				7AD5908D1C89AD53008460B8 /* LesionViewController.m in Sources */,
				7A9F25101C882B140061C8FD /* AppDelegate.m in Sources */,
				7AD5907A1C891A04008460B8 /* ProgressHUD.m in Sources */,
				7A007FC41C8D1C81004E483D /* MJRefreshAutoStateFooter.m in Sources */,
				7AC93F371C8C57A7003BCEF8 /* BookClassModel.m in Sources */,
				7A007FC21C8D1C81004E483D /* MJRefreshAutoGifFooter.m in Sources */,
				7A007FDD1C8D2FA7004E483D /* BookDetailViewController.m in Sources */,
				7A007FC61C8D1C81004E483D /* MJRefreshBackNormalFooter.m in Sources */,
				7A007FBF1C8D1C81004E483D /* MJRefreshComponent.m in Sources */,
				7A007FD61C8D264A004E483D /* ClassListTableViewCell.m in Sources */,
				7AD5907E1C892028008460B8 /* BookTableViewCell.m in Sources */,
				7AD590901C89AD5D008460B8 /* SeeViewController.m in Sources */,
				7A007FBE1C8D1C81004E483D /* MJRefreshBackFooter.m in Sources */,
				7A007FC71C8D1C81004E483D /* MJRefreshBackStateFooter.m in Sources */,
				7A007FC81C8D1C81004E483D /* MJRefreshGifHeader.m in Sources */,
				7A007FC51C8D1C81004E483D /* MJRefreshBackGifFooter.m in Sources */,
				7A007FCC1C8D1C81004E483D /* MJRefreshConst.m in Sources */,
				7AC93F1D1C8C0825003BCEF8 /* UIViewController+Common.m in Sources */,
				7A007FDA1C8D2864004E483D /* BookList.m in Sources */,
				7A9F250D1C882B140061C8FD /* main.m in Sources */,
				7A007FBD1C8D1C81004E483D /* MJRefreshAutoFooter.m in Sources */,
				7A007FD21C8D253B004E483D /* ClassListViewController.m in Sources */,
				7AD590871C896DE0008460B8 /* Model.m in Sources */,
				7A007FC01C8D1C81004E483D /* MJRefreshFooter.m in Sources */,
				7A007FCF1C8D1C81004E483D /* UIView+MJExtension.m in Sources */,
				7A007FCD1C8D1C81004E483D /* UIScrollView+MJExtension.m in Sources */,
				7A007FC11C8D1C81004E483D /* MJRefreshHeader.m in Sources */,
				7A007FCA1C8D1C81004E483D /* MJRefreshStateHeader.m in Sources */,
			);
			runOnlyForDeploymentPostprocessing = 0;
		};
/* End PBXSourcesBuildPhase section */

/* Begin PBXVariantGroup section */
		7A9F25131C882B140061C8FD /* LaunchScreen.storyboard */ = {
			isa = PBXVariantGroup;
			children = (
				7A9F25141C882B140061C8FD /* Base */,
			);
			name = LaunchScreen.storyboard;
			sourceTree = "<group>";
		};
/* End PBXVariantGroup section */

/* Begin XCBuildConfiguration section */
		7A9F25171C882B140061C8FD /* Debug */ = {
			isa = XCBuildConfiguration;
			buildSettings = {
				ALWAYS_SEARCH_USER_PATHS = NO;
				CLANG_CXX_LANGUAGE_STANDARD = "gnu++0x";
				CLANG_CXX_LIBRARY = "libc++";
				CLANG_ENABLE_MODULES = YES;
				CLANG_ENABLE_OBJC_ARC = YES;
				CLANG_WARN_BOOL_CONVERSION = YES;
				CLANG_WARN_CONSTANT_CONVERSION = YES;
				CLANG_WARN_DIRECT_OBJC_ISA_USAGE = YES_ERROR;
				CLANG_WARN_EMPTY_BODY = YES;
				CLANG_WARN_ENUM_CONVERSION = YES;
				CLANG_WARN_INT_CONVERSION = YES;
				CLANG_WARN_OBJC_ROOT_CLASS = YES_ERROR;
				CLANG_WARN_UNREACHABLE_CODE = YES;
				CLANG_WARN__DUPLICATE_METHOD_MATCH = YES;
				"CODE_SIGN_IDENTITY[sdk=iphoneos*]" = "iPhone Developer";
				COPY_PHASE_STRIP = NO;
				DEBUG_INFORMATION_FORMAT = dwarf;
				ENABLE_STRICT_OBJC_MSGSEND = YES;
				ENABLE_TESTABILITY = YES;
				GCC_C_LANGUAGE_STANDARD = gnu99;
				GCC_DYNAMIC_NO_PIC = NO;
				GCC_NO_COMMON_BLOCKS = YES;
				GCC_OPTIMIZATION_LEVEL = 0;
				GCC_PREPROCESSOR_DEFINITIONS = (
					"DEBUG=1",
					"$(inherited)",
				);
				GCC_WARN_64_TO_32_BIT_CONVERSION = YES;
				GCC_WARN_ABOUT_RETURN_TYPE = YES_ERROR;
				GCC_WARN_UNDECLARED_SELECTOR = YES;
				GCC_WARN_UNINITIALIZED_AUTOS = YES_AGGRESSIVE;
				GCC_WARN_UNUSED_FUNCTION = YES;
				GCC_WARN_UNUSED_VARIABLE = YES;
				IPHONEOS_DEPLOYMENT_TARGET = 9.2;
				MTL_ENABLE_DEBUG_INFO = YES;
				ONLY_ACTIVE_ARCH = YES;
				SDKROOT = iphoneos;
			};
			name = Debug;
		};
		7A9F25181C882B140061C8FD /* Release */ = {
			isa = XCBuildConfiguration;
			buildSettings = {
				ALWAYS_SEARCH_USER_PATHS = NO;
				CLANG_CXX_LANGUAGE_STANDARD = "gnu++0x";
				CLANG_CXX_LIBRARY = "libc++";
				CLANG_ENABLE_MODULES = YES;
				CLANG_ENABLE_OBJC_ARC = YES;
				CLANG_WARN_BOOL_CONVERSION = YES;
				CLANG_WARN_CONSTANT_CONVERSION = YES;
				CLANG_WARN_DIRECT_OBJC_ISA_USAGE = YES_ERROR;
				CLANG_WARN_EMPTY_BODY = YES;
				CLANG_WARN_ENUM_CONVERSION = YES;
				CLANG_WARN_INT_CONVERSION = YES;
				CLANG_WARN_OBJC_ROOT_CLASS = YES_ERROR;
				CLANG_WARN_UNREACHABLE_CODE = YES;
				CLANG_WARN__DUPLICATE_METHOD_MATCH = YES;
				"CODE_SIGN_IDENTITY[sdk=iphoneos*]" = "iPhone Developer";
				COPY_PHASE_STRIP = NO;
				DEBUG_INFORMATION_FORMAT = "dwarf-with-dsym";
				ENABLE_NS_ASSERTIONS = NO;
				ENABLE_STRICT_OBJC_MSGSEND = YES;
				GCC_C_LANGUAGE_STANDARD = gnu99;
				GCC_NO_COMMON_BLOCKS = YES;
				GCC_WARN_64_TO_32_BIT_CONVERSION = YES;
				GCC_WARN_ABOUT_RETURN_TYPE = YES_ERROR;
				GCC_WARN_UNDECLARED_SELECTOR = YES;
				GCC_WARN_UNINITIALIZED_AUTOS = YES_AGGRESSIVE;
				GCC_WARN_UNUSED_FUNCTION = YES;
				GCC_WARN_UNUSED_VARIABLE = YES;
				IPHONEOS_DEPLOYMENT_TARGET = 9.2;
				MTL_ENABLE_DEBUG_INFO = NO;
				SDKROOT = iphoneos;
				VALIDATE_PRODUCT = YES;
			};
			name = Release;
		};
		7A9F251A1C882B140061C8FD /* Debug */ = {
			isa = XCBuildConfiguration;
			baseConfigurationReference = 01542F6810975C90291E0412 /* Pods.debug.xcconfig */;
			buildSettings = {
				ASSETCATALOG_COMPILER_APPICON_NAME = AppIcon;
				GCC_PRECOMPILE_PREFIX_HEADER = YES;
				GCC_PREFIX_HEADER = /Users/sdzy/Desktop/CoffeeBook/CoffeeBook/common/PrefixHeader.pch;
				INFOPLIST_FILE = CoffeeBook/Info.plist;
				IPHONEOS_DEPLOYMENT_TARGET = 8.1;
				LD_RUNPATH_SEARCH_PATHS = "$(inherited) @executable_path/Frameworks";
				PRODUCT_BUNDLE_IDENTIFIER = GuoFeiFei.CoffeeBook;
				PRODUCT_NAME = "$(TARGET_NAME)";
			};
			name = Debug;
		};
		7A9F251B1C882B140061C8FD /* Release */ = {
			isa = XCBuildConfiguration;
			baseConfigurationReference = 59DFF7739C29D37DE772F8E2 /* Pods.release.xcconfig */;
			buildSettings = {
				ASSETCATALOG_COMPILER_APPICON_NAME = AppIcon;
				GCC_PRECOMPILE_PREFIX_HEADER = YES;
				GCC_PREFIX_HEADER = /Users/sdzy/Desktop/CoffeeBook/CoffeeBook/common/PrefixHeader.pch;
				INFOPLIST_FILE = CoffeeBook/Info.plist;
				IPHONEOS_DEPLOYMENT_TARGET = 8.1;
				LD_RUNPATH_SEARCH_PATHS = "$(inherited) @executable_path/Frameworks";
				PRODUCT_BUNDLE_IDENTIFIER = GuoFeiFei.CoffeeBook;
				PRODUCT_NAME = "$(TARGET_NAME)";
			};
			name = Release;
		};
/* End XCBuildConfiguration section */

/* Begin XCConfigurationList section */
		7A9F25031C882B130061C8FD /* Build configuration list for PBXProject "CoffeeBook" */ = {
			isa = XCConfigurationList;
			buildConfigurations = (
				7A9F25171C882B140061C8FD /* Debug */,
				7A9F25181C882B140061C8FD /* Release */,
			);
			defaultConfigurationIsVisible = 0;
			defaultConfigurationName = Release;
		};
		7A9F25191C882B140061C8FD /* Build configuration list for PBXNativeTarget "CoffeeBook" */ = {
			isa = XCConfigurationList;
			buildConfigurations = (
				7A9F251A1C882B140061C8FD /* Debug */,
				7A9F251B1C882B140061C8FD /* Release */,
			);
			defaultConfigurationIsVisible = 0;
			defaultConfigurationName = Release;
		};
/* End XCConfigurationList section */
	};
	rootObject = 7A9F25001C882B130061C8FD /* Project object */;
}
